
Microsoft Visual Studio Solution File, Format Version 12.00
# Visual Studio Version 16
VisualStudioVersion = 16.0.30717.126
MinimumVisualStudioVersion = 10.0.40219.1
Project("{FAE04EC0-301F-11D3-BF4B-00C04F79EFBC}") = "SmartBeauty", "SmartBeauty\SmartBeauty.csproj", "{5EABE208-D957-4FFE-826A-D4E64543FDE2}"
EndProject
Global
	GlobalSection(SolutionConfigurationPlatforms) = preSolution
		Debug|Any CPU = Debug|Any CPU
		Release|Any CPU = Release|Any CPU
	EndGlobalSection
	GlobalSection(ProjectConfigurationPlatforms) = postSolution
		{5EABE208-D957-4FFE-826A-D4E64543FDE2}.Debug|Any CPU.ActiveCfg = Debug|Any CPU
		{5EABE208-D957-4FFE-826A-D4E64543FDE2}.Debug|Any CPU.Build.0 = Debug|Any CPU
		{5EABE208-D957-4FFE-826A-D4E64543FDE2}.Release|Any CPU.ActiveCfg = Release|Any CPU
		{5EABE208-D957-4FFE-826A-D4E64543FDE2}.Release|Any CPU.Build.0 = Release|Any CPU
	EndGlobalSection
	GlobalSection(SolutionProperties) = preSolution
		HideSolutionNode = FALSE
	EndGlobalSection
	GlobalSection(ExtensibilityGlobals) = postSolution
		SolutionGuid = {D35AE07F-7920-4D51-9A61-2C75AB797DD8}
	EndGlobalSection
EndGlobal
